
Microsoft Visual Studio Solution File, Format Version 12.00
# Visual Studio Version 16
VisualStudioVersion = 16.0.32228.343
MinimumVisualStudioVersion = 10.0.40219.1
Project("{FAE04EC0-301F-11D3-BF4B-00C04F79EFBC}") = "CurrecyEnum", "CurrecyEnum\CurrecyEnum.csproj", "{052460EB-83CA-46F7-88DB-E089E80EFDAA}"
EndProject
Global
	GlobalSection(SolutionConfigurationPlatforms) = preSolution
		Debug|Any CPU = Debug|Any CPU
		Release|Any CPU = Release|Any CPU
	EndGlobalSection
	GlobalSection(ProjectConfigurationPlatforms) = postSolution
		{052460EB-83CA-46F7-88DB-E089E80EFDAA}.Debug|Any CPU.ActiveCfg = Debug|Any CPU
		{052460EB-83CA-46F7-88DB-E089E80EFDAA}.Debug|Any CPU.Build.0 = Debug|Any CPU
		{052460EB-83CA-46F7-88DB-E089E80EFDAA}.Release|Any CPU.ActiveCfg = Release|Any CPU
		{052460EB-83CA-46F7-88DB-E089E80EFDAA}.Release|Any CPU.Build.0 = Release|Any CPU
	EndGlobalSection
	GlobalSection(SolutionProperties) = preSolution
		HideSolutionNode = FALSE
	EndGlobalSection
	GlobalSection(ExtensibilityGlobals) = postSolution
		SolutionGuid = {D15DB3A5-D174-4656-B1F1-5D025E72D88F}
	EndGlobalSection
EndGlobal
